
Microsoft Visual Studio Solution File, Format Version 12.00
# Visual Studio Version 16
VisualStudioVersion = 16.0.32126.315
MinimumVisualStudioVersion = 10.0.40219.1
Project("{FAE04EC0-301F-11D3-BF4B-00C04F79EFBC}") = "WebApplication1", "WebApplication1\WebApplication1.csproj", "{B7C6DBDB-5018-4274-B457-321C91578EEC}"
EndProject
Global
	GlobalSection(SolutionConfigurationPlatforms) = preSolution
		Debug|Any CPU = Debug|Any CPU
		Release|Any CPU = Release|Any CPU
	EndGlobalSection
	GlobalSection(ProjectConfigurationPlatforms) = postSolution
		{B7C6DBDB-5018-4274-B457-321C91578EEC}.Debug|Any CPU.ActiveCfg = Debug|Any CPU
		{B7C6DBDB-5018-4274-B457-321C91578EEC}.Debug|Any CPU.Build.0 = Debug|Any CPU
		{B7C6DBDB-5018-4274-B457-321C91578EEC}.Release|Any CPU.ActiveCfg = Release|Any CPU
		{B7C6DBDB-5018-4274-B457-321C91578EEC}.Release|Any CPU.Build.0 = Release|Any CPU
	EndGlobalSection
	GlobalSection(SolutionProperties) = preSolution
		HideSolutionNode = FALSE
	EndGlobalSection
	GlobalSection(ExtensibilityGlobals) = postSolution
		SolutionGuid = {6EBC7E91-FC59-46D2-AE35-2F5EF009521D}
	EndGlobalSection
EndGlobal
